// !$*UTF8*$!
{
	archiveVersion = 1;
	classes = {
	};
	objectVersion = 46;
	objects = {

/* Begin PBXBuildFile section */
		997BB3751C213D2400FF42D9 /* main.m in Sources */ = {isa = PBXBuildFile; fileRef = 997BB3741C213D2400FF42D9 /* main.m */; };
		997BB3781C213D2400FF42D9 /* AppDelegate.m in Sources */ = {isa = PBXBuildFile; fileRef = 997BB3771C213D2400FF42D9 /* AppDelegate.m */; };
		997BB37B1C213D2400FF42D9 /* ViewController.m in Sources */ = {isa = PBXBuildFile; fileRef = 997BB37A1C213D2400FF42D9 /* ViewController.m */; };
		997BB37E1C213D2400FF42D9 /* Main.storyboard in Resources */ = {isa = PBXBuildFile; fileRef = 997BB37C1C213D2400FF42D9 /* Main.storyboard */; };
		997BB3801C213D2400FF42D9 /* Assets.xcassets in Resources */ = {isa = PBXBuildFile; fileRef = 997BB37F1C213D2400FF42D9 /* Assets.xcassets */; };
		997BB3831C213D2400FF42D9 /* LaunchScreen.storyboard in Resources */ = {isa = PBXBuildFile; fileRef = 997BB3811C213D2400FF42D9 /* LaunchScreen.storyboard */; };
		997BB38E1C213D2400FF42D9 /* table_testTests.m in Sources */ = {isa = PBXBuildFile; fileRef = 997BB38D1C213D2400FF42D9 /* table_testTests.m */; };
		997BB3991C213D2400FF42D9 /* table_testUITests.m in Sources */ = {isa = PBXBuildFile; fileRef = 997BB3981C213D2400FF42D9 /* table_testUITests.m */; };
/* End PBXBuildFile section */

/* Begin PBXContainerItemProxy section */
		997BB38A1C213D2400FF42D9 /* PBXContainerItemProxy */ = {
			isa = PBXContainerItemProxy;
			containerPortal = 997BB3681C213D2400FF42D9 /* Project object */;
			proxyType = 1;
			remoteGlobalIDString = 997BB36F1C213D2400FF42D9;
			remoteInfo = table_test;
		};
		997BB3951C213D2400FF42D9 /* PBXContainerItemProxy */ = {
			isa = PBXContainerItemProxy;
			containerPortal = 997BB3681C213D2400FF42D9 /* Project object */;
			proxyType = 1;
			remoteGlobalIDString = 997BB36F1C213D2400FF42D9;
			remoteInfo = table_test;
		};
/* End PBXContainerItemProxy section */

/* Begin PBXFileReference section */
		997BB3701C213D2400FF42D9 /* table_test.app */ = {isa = PBXFileReference; explicitFileType = wrapper.application; includeInIndex = 0; path = table_test.app; sourceTree = BUILT_PRODUCTS_DIR; };
		997BB3741C213D2400FF42D9 /* main.m */ = {isa = PBXFileReference; lastKnownFileType = sourcecode.c.objc; path = main.m; sourceTree = "<group>"; };
		997BB3761C213D2400FF42D9 /* AppDelegate.h */ = {isa = PBXFileReference; lastKnownFileType = sourcecode.c.h; path = AppDelegate.h; sourceTree = "<group>"; };
		997BB3771C213D2400FF42D9 /* AppDelegate.m */ = {isa = PBXFileReference; lastKnownFileType = sourcecode.c.objc; path = AppDelegate.m; sourceTree = "<group>"; };
		997BB3791C213D2400FF42D9 /* ViewController.h */ = {isa = PBXFileReference; lastKnownFileType = sourcecode.c.h; path = ViewController.h; sourceTree = "<group>"; };
		997BB37A1C213D2400FF42D9 /* ViewController.m */ = {isa = PBXFileReference; lastKnownFileType = sourcecode.c.objc; path = ViewController.m; sourceTree = "<group>"; };
		997BB37D1C213D2400FF42D9 /* Base */ = {isa = PBXFileReference; lastKnownFileType = file.storyboard; name = Base; path = Base.lproj/Main.storyboard; sourceTree = "<group>"; };
		997BB37F1C213D2400FF42D9 /* Assets.xcassets */ = {isa = PBXFileReference; lastKnownFileType = folder.assetcatalog; path = Assets.xcassets; sourceTree = "<group>"; };
		997BB3821C213D2400FF42D9 /* Base */ = {isa = PBXFileReference; lastKnownFileType = file.storyboard; name = Base; path = Base.lproj/LaunchScreen.storyboard; sourceTree = "<group>"; };
		997BB3841C213D2400FF42D9 /* Info.plist */ = {isa = PBXFileReference; lastKnownFileType = text.plist.xml; path = Info.plist; sourceTree = "<group>"; };
		997BB3891C213D2400FF42D9 /* table_testTests.xctest */ = {isa = PBXFileReference; explicitFileType = wrapper.cfbundle; includeInIndex = 0; path = table_testTests.xctest; sourceTree = BUILT_PRODUCTS_DIR; };
		997BB38D1C213D2400FF42D9 /* table_testTests.m */ = {isa = PBXFileReference; lastKnownFileType = sourcecode.c.objc; path = table_testTests.m; sourceTree = "<group>"; };
		997BB38F1C213D2400FF42D9 /* Info.plist */ = {isa = PBXFileReference; lastKnownFileType = text.plist.xml; path = Info.plist; sourceTree = "<group>"; };
		997BB3941C213D2400FF42D9 /* table_testUITests.xctest */ = {isa = PBXFileReference; explicitFileType = wrapper.cfbundle; includeInIndex = 0; path = table_testUITests.xctest; sourceTree = BUILT_PRODUCTS_DIR; };
		997BB3981C213D2400FF42D9 /* table_testUITests.m */ = {isa = PBXFileReference; lastKnownFileType = sourcecode.c.objc; path = table_testUITests.m; sourceTree = "<group>"; };
		997BB39A1C213D2400FF42D9 /* Info.plist */ = {isa = PBXFileReference; lastKnownFileType = text.plist.xml; path = Info.plist; sourceTree = "<group>"; };
/* End PBXFileReference section */

/* Begin PBXFrameworksBuildPhase section */
		997BB36D1C213D2400FF42D9 /* Frameworks */ = {
			isa = PBXFrameworksBuildPhase;
			buildActionMask = 2147483647;
			files = (
			);
			runOnlyForDeploymentPostprocessing = 0;
		};
		997BB3861C213D2400FF42D9 /* Frameworks */ = {
			isa = PBXFrameworksBuildPhase;
			buildActionMask = 2147483647;
			files = (
			);
			runOnlyForDeploymentPostprocessing = 0;
		};
		997BB3911C213D2400FF42D9 /* Frameworks */ = {
			isa = PBXFrameworksBuildPhase;
			buildActionMask = 2147483647;
			files = (
			);
			runOnlyForDeploymentPostprocessing = 0;
		};
/* End PBXFrameworksBuildPhase section */

/* Begin PBXGroup section */
		997BB3671C213D2400FF42D9 = {
			isa = PBXGroup;
			children = (
				997BB3721C213D2400FF42D9 /* table_test */,
				997BB38C1C213D2400FF42D9 /* table_testTests */,
				997BB3971C213D2400FF42D9 /* table_testUITests */,
				997BB3711C213D2400FF42D9 /* Products */,
			);
			sourceTree = "<group>";
		};
		997BB3711C213D2400FF42D9 /* Products */ = {
			isa = PBXGroup;
			children = (
				997BB3701C213D2400FF42D9 /* table_test.app */,
				997BB3891C213D2400FF42D9 /* table_testTests.xctest */,
				997BB3941C213D2400FF42D9 /* table_testUITests.xctest */,
			);
			name = Products;
			sourceTree = "<group>";
		};
		997BB3721C213D2400FF42D9 /* table_test */ = {
			isa = PBXGroup;
			children = (
				997BB3761C213D2400FF42D9 /* AppDelegate.h */,
				997BB3771C213D2400FF42D9 /* AppDelegate.m */,
				997BB3791C213D2400FF42D9 /* ViewController.h */,
				997BB37A1C213D2400FF42D9 /* ViewController.m */,
				997BB37C1C213D2400FF42D9 /* Main.storyboard */,
				997BB37F1C213D2400FF42D9 /* Assets.xcassets */,
				997BB3811C213D2400FF42D9 /* LaunchScreen.storyboard */,
				997BB3841C213D2400FF42D9 /* Info.plist */,
				997BB3731C213D2400FF42D9 /* Supporting Files */,
			);
			path = table_test;
			sourceTree = "<group>";
		};
		997BB3731C213D2400FF42D9 /* Supporting Files */ = {
			isa = PBXGroup;
			children = (
				997BB3741C213D2400FF42D9 /* main.m */,
			);
			name = "Supporting Files";
			sourceTree = "<group>";
		};
		997BB38C1C213D2400FF42D9 /* table_testTests */ = {
			isa = PBXGroup;
			children = (
				997BB38D1C213D2400FF42D9 /* table_testTests.m */,
				997BB38F1C213D2400FF42D9 /* Info.plist */,
			);
			path = table_testTests;
			sourceTree = "<group>";
		};
		997BB3971C213D2400FF42D9 /* table_testUITests */ = {
			isa = PBXGroup;
			children = (
				997BB3981C213D2400FF42D9 /* table_testUITests.m */,
				997BB39A1C213D2400FF42D9 /* Info.plist */,
			);
			path = table_testUITests;
			sourceTree = "<group>";
		};
/* End PBXGroup section */

/* Begin PBXNativeTarget section */
		997BB36F1C213D2400FF42D9 /* table_test */ = {
			isa = PBXNativeTarget;
			buildConfigurationList = 997BB39D1C213D2400FF42D9 /* Build configuration list for PBXNativeTarget "table_test" */;
			buildPhases = (
				997BB36C1C213D2400FF42D9 /* Sources */,
				997BB36D1C213D2400FF42D9 /* Frameworks */,
				997BB36E1C213D2400FF42D9 /* Resources */,
			);
			buildRules = (
			);
			dependencies = (
			);
			name = table_test;
			productName = table_test;
			productReference = 997BB3701C213D2400FF42D9 /* table_test.app */;
			productType = "com.apple.product-type.application";
		};
		997BB3881C213D2400FF42D9 /* table_testTests */ = {
			isa = PBXNativeTarget;
			buildConfigurationList = 997BB3A01C213D2400FF42D9 /* Build configuration list for PBXNativeTarget "table_testTests" */;
			buildPhases = (
				997BB3851C213D2400FF42D9 /* Sources */,
				997BB3861C213D2400FF42D9 /* Frameworks */,
				997BB3871C213D2400FF42D9 /* Resources */,
			);
			buildRules = (
			);
			dependencies = (
				997BB38B1C213D2400FF42D9 /* PBXTargetDependency */,
			);
			name = table_testTests;
			productName = table_testTests;
			productReference = 997BB3891C213D2400FF42D9 /* table_testTests.xctest */;
			productType = "com.apple.product-type.bundle.unit-test";
		};
		997BB3931C213D2400FF42D9 /* table_testUITests */ = {
			isa = PBXNativeTarget;
			buildConfigurationList = 997BB3A31C213D2400FF42D9 /* Build configuration list for PBXNativeTarget "table_testUITests" */;
			buildPhases = (
				997BB3901C213D2400FF42D9 /* Sources */,
				997BB3911C213D2400FF42D9 /* Frameworks */,
				997BB3921C213D2400FF42D9 /* Resources */,
			);
			buildRules = (
			);
			dependencies = (
				997BB3961C213D2400FF42D9 /* PBXTargetDependency */,
			);
			name = table_testUITests;
			productName = table_testUITests;
			productReference = 997BB3941C213D2400FF42D9 /* table_testUITests.xctest */;
			productType = "com.apple.product-type.bundle.ui-testing";
		};
/* End PBXNativeTarget section */

/* Begin PBXProject section */
		997BB3681C213D2400FF42D9 /* Project object */ = {
			isa = PBXProject;
			attributes = {
				LastUpgradeCheck = 0710;
				ORGANIZATIONNAME = "nd-sys";
				TargetAttributes = {
					997BB36F1C213D2400FF42D9 = {
						CreatedOnToolsVersion = 7.1.1;
					};
					997BB3881C213D2400FF42D9 = {
						CreatedOnToolsVersion = 7.1.1;
						TestTargetID = 997BB36F1C213D2400FF42D9;
					};
					997BB3931C213D2400FF42D9 = {
						CreatedOnToolsVersion = 7.1.1;
						TestTargetID = 997BB36F1C213D2400FF42D9;
					};
				};
			};
			buildConfigurationList = 997BB36B1C213D2400FF42D9 /* Build configuration list for PBXProject "table_test" */;
			compatibilityVersion = "Xcode 3.2";
			developmentRegion = English;
			hasScannedForEncodings = 0;
			knownRegions = (
				en,
				Base,
			);
			mainGroup = 997BB3671C213D2400FF42D9;
			productRefGroup = 997BB3711C213D2400FF42D9 /* Products */;
			projectDirPath = "";
			projectRoot = "";
			targets = (
				997BB36F1C213D2400FF42D9 /* table_test */,
				997BB3881C213D2400FF42D9 /* table_testTests */,
				997BB3931C213D2400FF42D9 /* table_testUITests */,
			);
		};
/* End PBXProject section */

/* Begin PBXResourcesBuildPhase section */
		997BB36E1C213D2400FF42D9 /* Resources */ = {
			isa = PBXResourcesBuildPhase;
			buildActionMask = 2147483647;
			files = (
				997BB3831C213D2400FF42D9 /* LaunchScreen.storyboard in Resources */,
				997BB3801C213D2400FF42D9 /* Assets.xcassets in Resources */,
				997BB37E1C213D2400FF42D9 /* Main.storyboard in Resources */,
			);
			runOnlyForDeploymentPostprocessing = 0;
		};
		997BB3871C213D2400FF42D9 /* Resources */ = {
			isa = PBXResourcesBuildPhase;
			buildActionMask = 2147483647;
			files = (
			);
			runOnlyForDeploymentPostprocessing = 0;
		};
		997BB3921C213D2400FF42D9 /* Resources */ = {
			isa = PBXResourcesBuildPhase;
			buildActionMask = 2147483647;
			files = (
			);
			runOnlyForDeploymentPostprocessing = 0;
		};
/* End PBXResourcesBuildPhase section */

/* Begin PBXSourcesBuildPhase section */
		997BB36C1C213D2400FF42D9 /* Sources */ = {
			isa = PBXSourcesBuildPhase;
			buildActionMask = 2147483647;
			files = (
				997BB37B1C213D2400FF42D9 /* ViewController.m in Sources */,
				997BB3781C213D2400FF42D9 /* AppDelegate.m in Sources */,
				997BB3751C213D2400FF42D9 /* main.m in Sources */,
			);
			runOnlyForDeploymentPostprocessing = 0;
		};
		997BB3851C213D2400FF42D9 /* Sources */ = {
			isa = PBXSourcesBuildPhase;
			buildActionMask = 2147483647;
			files = (
				997BB38E1C213D2400FF42D9 /* table_testTests.m in Sources */,
			);
			runOnlyForDeploymentPostprocessing = 0;
		};
		997BB3901C213D2400FF42D9 /* Sources */ = {
			isa = PBXSourcesBuildPhase;
			buildActionMask = 2147483647;
			files = (
				997BB3991C213D2400FF42D9 /* table_testUITests.m in Sources */,
			);
			runOnlyForDeploymentPostprocessing = 0;
		};
/* End PBXSourcesBuildPhase section */

/* Begin PBXTargetDependency section */
		997BB38B1C213D2400FF42D9 /* PBXTargetDependency */ = {
			isa = PBXTargetDependency;
			target = 997BB36F1C213D2400FF42D9 /* table_test */;
			targetProxy = 997BB38A1C213D2400FF42D9 /* PBXContainerItemProxy */;
		};
		997BB3961C213D2400FF42D9 /* PBXTargetDependency */ = {
			isa = PBXTargetDependency;
			target = 997BB36F1C213D2400FF42D9 /* table_test */;
			targetProxy = 997BB3951C213D2400FF42D9 /* PBXContainerItemProxy */;
		};
/* End PBXTargetDependency section */

/* Begin PBXVariantGroup section */
		997BB37C1C213D2400FF42D9 /* Main.storyboard */ = {
			isa = PBXVariantGroup;
			children = (
				997BB37D1C213D2400FF42D9 /* Base */,
			);
			name = Main.storyboard;
			sourceTree = "<group>";
		};
		997BB3811C213D2400FF42D9 /* LaunchScreen.storyboard */ = {
			isa = PBXVariantGroup;
			children = (
				997BB3821C213D2400FF42D9 /* Base */,
			);
			name = LaunchScreen.storyboard;
			sourceTree = "<group>";
		};
/* End PBXVariantGroup section */

/* Begin XCBuildConfiguration section */
		997BB39B1C213D2400FF42D9 /* Debug */ = {
			isa = XCBuildConfiguration;
			buildSettings = {
				ALWAYS_SEARCH_USER_PATHS = NO;
				CLANG_CXX_LANGUAGE_STANDARD = "gnu++0x";
				CLANG_CXX_LIBRARY = "libc++";
				CLANG_ENABLE_MODULES = YES;
				CLANG_ENABLE_OBJC_ARC = YES;
				CLANG_WARN_BOOL_CONVERSION = YES;
				CLANG_WARN_CONSTANT_CONVERSION = YES;
				CLANG_WARN_DIRECT_OBJC_ISA_USAGE = YES_ERROR;
				CLANG_WARN_EMPTY_BODY = YES;
				CLANG_WARN_ENUM_CONVERSION = YES;
				CLANG_WARN_INT_CONVERSION = YES;
				CLANG_WARN_OBJC_ROOT_CLASS = YES_ERROR;
				CLANG_WARN_UNREACHABLE_CODE = YES;
				CLANG_WARN__DUPLICATE_METHOD_MATCH = YES;
				"CODE_SIGN_IDENTITY[sdk=iphoneos*]" = "iPhone Developer";
				COPY_PHASE_STRIP = NO;
				DEBUG_INFORMATION_FORMAT = dwarf;
				ENABLE_STRICT_OBJC_MSGSEND = YES;
				ENABLE_TESTABILITY = YES;
				GCC_C_LANGUAGE_STANDARD = gnu99;
				GCC_DYNAMIC_NO_PIC = NO;
				GCC_NO_COMMON_BLOCKS = YES;
				GCC_OPTIMIZATION_LEVEL = 0;
				GCC_PREPROCESSOR_DEFINITIONS = (
					"DEBUG=1",
					"$(inherited)",
				);
				GCC_WARN_64_TO_32_BIT_CONVERSION = YES;
				GCC_WARN_ABOUT_RETURN_TYPE = YES_ERROR;
				GCC_WARN_UNDECLARED_SELECTOR = YES;
				GCC_WARN_UNINITIALIZED_AUTOS = YES_AGGRESSIVE;
				GCC_WARN_UNUSED_FUNCTION = YES;
				GCC_WARN_UNUSED_VARIABLE = YES;
				IPHONEOS_DEPLOYMENT_TARGET = 9.1;
				MTL_ENABLE_DEBUG_INFO = YES;
				ONLY_ACTIVE_ARCH = YES;
				SDKROOT = iphoneos;
				TARGETED_DEVICE_FAMILY = "1,2";
			};
			name = Debug;
		};
		997BB39C1C213D2400FF42D9 /* Release */ = {
			isa = XCBuildConfiguration;
			buildSettings = {
				ALWAYS_SEARCH_USER_PATHS = NO;
				CLANG_CXX_LANGUAGE_STANDARD = "gnu++0x";
				CLANG_CXX_LIBRARY = "libc++";
				CLANG_ENABLE_MODULES = YES;
				CLANG_ENABLE_OBJC_ARC = YES;
				CLANG_WARN_BOOL_CONVERSION = YES;
				CLANG_WARN_CONSTANT_CONVERSION = YES;
				CLANG_WARN_DIRECT_OBJC_ISA_USAGE = YES_ERROR;
				CLANG_WARN_EMPTY_BODY = YES;
				CLANG_WARN_ENUM_CONVERSION = YES;
				CLANG_WARN_INT_CONVERSION = YES;
				CLANG_WARN_OBJC_ROOT_CLASS = YES_ERROR;
				CLANG_WARN_UNREACHABLE_CODE = YES;
				CLANG_WARN__DUPLICATE_METHOD_MATCH = YES;
				"CODE_SIGN_IDENTITY[sdk=iphoneos*]" = "iPhone Developer";
				COPY_PHASE_STRIP = NO;
				DEBUG_INFORMATION_FORMAT = "dwarf-with-dsym";
				ENABLE_NS_ASSERTIONS = NO;
				ENABLE_STRICT_OBJC_MSGSEND = YES;
				GCC_C_LANGUAGE_STANDARD = gnu99;
				GCC_NO_COMMON_BLOCKS = YES;
				GCC_WARN_64_TO_32_BIT_CONVERSION = YES;
				GCC_WARN_ABOUT_RETURN_TYPE = YES_ERROR;
				GCC_WARN_UNDECLARED_SELECTOR = YES;
				GCC_WARN_UNINITIALIZED_AUTOS = YES_AGGRESSIVE;
				GCC_WARN_UNUSED_FUNCTION = YES;
				GCC_WARN_UNUSED_VARIABLE = YES;
				IPHONEOS_DEPLOYMENT_TARGET = 9.1;
				MTL_ENABLE_DEBUG_INFO = NO;
				SDKROOT = iphoneos;
				TARGETED_DEVICE_FAMILY = "1,2";
				VALIDATE_PRODUCT = YES;
			};
			name = Release;
		};
		997BB39E1C213D2400FF42D9 /* Debug */ = {
			isa = XCBuildConfiguration;
			buildSettings = {
				ASSETCATALOG_COMPILER_APPICON_NAME = AppIcon;
				INFOPLIST_FILE = table_test/Info.plist;
				LD_RUNPATH_SEARCH_PATHS = "$(inherited) @executable_path/Frameworks";
				PRODUCT_BUNDLE_IDENTIFIER = "jp.co.netdreamers.co.jp.table-test";
				PRODUCT_NAME = "$(TARGET_NAME)";
			};
			name = Debug;
		};
		997BB39F1C213D2400FF42D9 /* Release */ = {
			isa = XCBuildConfiguration;
			buildSettings = {
				ASSETCATALOG_COMPILER_APPICON_NAME = AppIcon;
				INFOPLIST_FILE = table_test/Info.plist;
				LD_RUNPATH_SEARCH_PATHS = "$(inherited) @executable_path/Frameworks";
				PRODUCT_BUNDLE_IDENTIFIER = "jp.co.netdreamers.co.jp.table-test";
				PRODUCT_NAME = "$(TARGET_NAME)";
			};
			name = Release;
		};
		997BB3A11C213D2400FF42D9 /* Debug */ = {
			isa = XCBuildConfiguration;
			buildSettings = {
				BUNDLE_LOADER = "$(TEST_HOST)";
				INFOPLIST_FILE = table_testTests/Info.plist;
				LD_RUNPATH_SEARCH_PATHS = "$(inherited) @executable_path/Frameworks @loader_path/Frameworks";
				PRODUCT_BUNDLE_IDENTIFIER = "jp.co.netdreamers.co.jp.table-testTests";
				PRODUCT_NAME = "$(TARGET_NAME)";
				TEST_HOST = "$(BUILT_PRODUCTS_DIR)/table_test.app/table_test";
			};
			name = Debug;
		};
		997BB3A21C213D2400FF42D9 /* Release */ = {
			isa = XCBuildConfiguration;
			buildSettings = {
				BUNDLE_LOADER = "$(TEST_HOST)";
				INFOPLIST_FILE = table_testTests/Info.plist;
				LD_RUNPATH_SEARCH_PATHS = "$(inherited) @executable_path/Frameworks @loader_path/Frameworks";
				PRODUCT_BUNDLE_IDENTIFIER = "jp.co.netdreamers.co.jp.table-testTests";
				PRODUCT_NAME = "$(TARGET_NAME)";
				TEST_HOST = "$(BUILT_PRODUCTS_DIR)/table_test.app/table_test";
			};
			name = Release;
		};
		997BB3A41C213D2400FF42D9 /* Debug */ = {
			isa = XCBuildConfiguration;
			buildSettings = {
				INFOPLIST_FILE = table_testUITests/Info.plist;
				LD_RUNPATH_SEARCH_PATHS = "$(inherited) @executable_path/Frameworks @loader_path/Frameworks";
				PRODUCT_BUNDLE_IDENTIFIER = "jp.co.netdreamers.co.jp.table-testUITests";
				PRODUCT_NAME = "$(TARGET_NAME)";
				TEST_TARGET_NAME = table_test;
				USES_XCTRUNNER = YES;
			};
			name = Debug;
		};
		997BB3A51C213D2400FF42D9 /* Release */ = {
			isa = XCBuildConfiguration;
			buildSettings = {
				INFOPLIST_FILE = table_testUITests/Info.plist;
				LD_RUNPATH_SEARCH_PATHS = "$(inherited) @executable_path/Frameworks @loader_path/Frameworks";
				PRODUCT_BUNDLE_IDENTIFIER = "jp.co.netdreamers.co.jp.table-testUITests";
				PRODUCT_NAME = "$(TARGET_NAME)";
				TEST_TARGET_NAME = table_test;
				USES_XCTRUNNER = YES;
			};
			name = Release;
		};
/* End XCBuildConfiguration section */

/* Begin XCConfigurationList section */
		997BB36B1C213D2400FF42D9 /* Build configuration list for PBXProject "table_test" */ = {
			isa = XCConfigurationList;
			buildConfigurations = (
				997BB39B1C213D2400FF42D9 /* Debug */,
				997BB39C1C213D2400FF42D9 /* Release */,
			);
			defaultConfigurationIsVisible = 0;
			defaultConfigurationName = Release;
		};
		997BB39D1C213D2400FF42D9 /* Build configuration list for PBXNativeTarget "table_test" */ = {
			isa = XCConfigurationList;
			buildConfigurations = (
				997BB39E1C213D2400FF42D9 /* Debug */,
				997BB39F1C213D2400FF42D9 /* Release */,
			);
			defaultConfigurationIsVisible = 0;
		};
		997BB3A01C213D2400FF42D9 /* Build configuration list for PBXNativeTarget "table_testTests" */ = {
			isa = XCConfigurationList;
			buildConfigurations = (
				997BB3A11C213D2400FF42D9 /* Debug */,
				997BB3A21C213D2400FF42D9 /* Release */,
			);
			defaultConfigurationIsVisible = 0;
		};
		997BB3A31C213D2400FF42D9 /* Build configuration list for PBXNativeTarget "table_testUITests" */ = {
			isa = XCConfigurationList;
			buildConfigurations = (
				997BB3A41C213D2400FF42D9 /* Debug */,
				997BB3A51C213D2400FF42D9 /* Release */,
			);
			defaultConfigurationIsVisible = 0;
		};
/* End XCConfigurationList section */
	};
	rootObject = 997BB3681C213D2400FF42D9 /* Project object */;
}
